
Microsoft Visual Studio Solution File, Format Version 12.00
# Visual Studio 15
VisualStudioVersion = 15.0.27004.2010
MinimumVisualStudioVersion = 10.0.40219.1
Project("{9A19103F-16F7-4668-BE54-9A1E7A4F7556}") = "Checkers", "Checkers\Checkers.csproj", "{22FF8908-2916-4FE6-B7C0-2761B1AB67D5}"
EndProject
Project("{9A19103F-16F7-4668-BE54-9A1E7A4F7556}") = "Checkers.DataAccess.Dapper", "Checkers.DataAccess.Dapper\Checkers.DataAccess.Dapper.csproj", "{0DE19CCA-9462-4029-AEC7-A258EDA31EA0}"
EndProject
Project("{FAE04EC0-301F-11D3-BF4B-00C04F79EFBC}") = "Checkers.ConsoleApp", "Checkers.ConsoleApp\Checkers.ConsoleApp.csproj", "{677B92F6-FDE0-4456-8E72-66168EE42BA9}"
EndProject
Global
	GlobalSection(SolutionConfigurationPlatforms) = preSolution
		Debug|Any CPU = Debug|Any CPU
		Release|Any CPU = Release|Any CPU
	EndGlobalSection
	GlobalSection(ProjectConfigurationPlatforms) = postSolution
		{22FF8908-2916-4FE6-B7C0-2761B1AB67D5}.Debug|Any CPU.ActiveCfg = Debug|Any CPU
		{22FF8908-2916-4FE6-B7C0-2761B1AB67D5}.Debug|Any CPU.Build.0 = Debug|Any CPU
		{22FF8908-2916-4FE6-B7C0-2761B1AB67D5}.Release|Any CPU.ActiveCfg = Release|Any CPU
		{22FF8908-2916-4FE6-B7C0-2761B1AB67D5}.Release|Any CPU.Build.0 = Release|Any CPU
		{0DE19CCA-9462-4029-AEC7-A258EDA31EA0}.Debug|Any CPU.ActiveCfg = Debug|Any CPU
		{0DE19CCA-9462-4029-AEC7-A258EDA31EA0}.Debug|Any CPU.Build.0 = Debug|Any CPU
		{0DE19CCA-9462-4029-AEC7-A258EDA31EA0}.Release|Any CPU.ActiveCfg = Release|Any CPU
		{0DE19CCA-9462-4029-AEC7-A258EDA31EA0}.Release|Any CPU.Build.0 = Release|Any CPU
		{677B92F6-FDE0-4456-8E72-66168EE42BA9}.Debug|Any CPU.ActiveCfg = Debug|Any CPU
		{677B92F6-FDE0-4456-8E72-66168EE42BA9}.Debug|Any CPU.Build.0 = Debug|Any CPU
		{677B92F6-FDE0-4456-8E72-66168EE42BA9}.Release|Any CPU.ActiveCfg = Release|Any CPU
		{677B92F6-FDE0-4456-8E72-66168EE42BA9}.Release|Any CPU.Build.0 = Release|Any CPU
	EndGlobalSection
	GlobalSection(SolutionProperties) = preSolution
		HideSolutionNode = FALSE
	EndGlobalSection
	GlobalSection(ExtensibilityGlobals) = postSolution
		SolutionGuid = {2D999A90-04ED-4101-B4D9-2E9D2024C89C}
	EndGlobalSection
EndGlobal
